// !$*UTF8*$!
{
	archiveVersion = 1;
	classes = {
	};
	objectVersion = 46;
	objects = {

/* Begin PBXBuildFile section */
		3D618EF2A4B9A4883A992048 /* Pods_Eatvago.framework in Frameworks */ = {isa = PBXBuildFile; fileRef = E1F0ECA0E01F8B951040C583 /* Pods_Eatvago.framework */; };
		9300866D1F28ED5000BEA223 /* NearbyViewController.swift in Sources */ = {isa = PBXBuildFile; fileRef = 9300866C1F28ED5000BEA223 /* NearbyViewController.swift */; };
		930086751F29E9FE00BEA223 /* GoogleService-Info.plist in Resources */ = {isa = PBXBuildFile; fileRef = 930086741F29E9FE00BEA223 /* GoogleService-Info.plist */; };
		930086781F2A08C700BEA223 /* CLLocationDelegate.swift in Sources */ = {isa = PBXBuildFile; fileRef = 930086771F2A08C700BEA223 /* CLLocationDelegate.swift */; };
		9300867C1F2A110800BEA223 /* NearbyMapTableViewCell.swift in Sources */ = {isa = PBXBuildFile; fileRef = 9300867B1F2A110800BEA223 /* NearbyMapTableViewCell.swift */; };
		930119D81F3EA93E002822B1 /* MatchCLLocationDelegate.swift in Sources */ = {isa = PBXBuildFile; fileRef = 930119D71F3EA93E002822B1 /* MatchCLLocationDelegate.swift */; };
		930119DA1F3EAA1B002822B1 /* MatchFetchDistanceDelegate.swift in Sources */ = {isa = PBXBuildFile; fileRef = 930119D91F3EAA1B002822B1 /* MatchFetchDistanceDelegate.swift */; };
		930119DC1F3EAA76002822B1 /* MatchFetchLocationDelegate.swift in Sources */ = {isa = PBXBuildFile; fileRef = 930119DB1F3EAA76002822B1 /* MatchFetchLocationDelegate.swift */; };
		930119DE1F3EAAAE002822B1 /* MatchFetchLocationImageDelegate.swift in Sources */ = {isa = PBXBuildFile; fileRef = 930119DD1F3EAAAE002822B1 /* MatchFetchLocationImageDelegate.swift */; };
		930119E01F3EAAE3002822B1 /* MatchFetchPlaceDetailDelegate.swift in Sources */ = {isa = PBXBuildFile; fileRef = 930119DF1F3EAAE3002822B1 /* MatchFetchPlaceDetailDelegate.swift */; };
		930144331F27986700CEC11A /* AppDelegate.swift in Sources */ = {isa = PBXBuildFile; fileRef = 930144321F27986700CEC11A /* AppDelegate.swift */; };
		930144381F27986700CEC11A /* Main.storyboard in Resources */ = {isa = PBXBuildFile; fileRef = 930144361F27986700CEC11A /* Main.storyboard */; };
		9301443A1F27986700CEC11A /* Assets.xcassets in Resources */ = {isa = PBXBuildFile; fileRef = 930144391F27986700CEC11A /* Assets.xcassets */; };
		9301443D1F27986700CEC11A /* LaunchScreen.storyboard in Resources */ = {isa = PBXBuildFile; fileRef = 9301443B1F27986700CEC11A /* LaunchScreen.storyboard */; };
		930144461F279DA100CEC11A /* LoginViewController.swift in Sources */ = {isa = PBXBuildFile; fileRef = 930144451F279DA100CEC11A /* LoginViewController.swift */; };
		930144521F28A48700CEC11A /* LoadingViewController.swift in Sources */ = {isa = PBXBuildFile; fileRef = 930144511F28A48700CEC11A /* LoadingViewController.swift */; };
		9308F2981F2F215800819B03 /* UIImage+Gif.swift in Sources */ = {isa = PBXBuildFile; fileRef = 9308F2971F2F215800819B03 /* UIImage+Gif.swift */; };
		9308F29B1F2F21B000819B03 /* loadingGIF.gif in Resources */ = {isa = PBXBuildFile; fileRef = 9308F29A1F2F21B000819B03 /* loadingGIF.gif */; };
		9329D9D21F306A6800415697 /* FetchDistanceManager.swift in Sources */ = {isa = PBXBuildFile; fileRef = 9329D9D11F306A6800415697 /* FetchDistanceManager.swift */; };
		93729AC51F35CC13004125C0 /* FetchLocationsDelegate.swift in Sources */ = {isa = PBXBuildFile; fileRef = 93729AC41F35CC13004125C0 /* FetchLocationsDelegate.swift */; };
		93729AC71F35CDF0004125C0 /* FetchPlaceDetailDelegate.swift in Sources */ = {isa = PBXBuildFile; fileRef = 93729AC61F35CDF0004125C0 /* FetchPlaceDetailDelegate.swift */; };
		93729AC91F35CF51004125C0 /* FetchDistanceDelegate.swift in Sources */ = {isa = PBXBuildFile; fileRef = 93729AC81F35CF51004125C0 /* FetchDistanceDelegate.swift */; };
		93729ACB1F35D0E4004125C0 /* FetchLocationImageManager.swift in Sources */ = {isa = PBXBuildFile; fileRef = 93729ACA1F35D0E4004125C0 /* FetchLocationImageManager.swift */; };
		93729ACD1F35D7BF004125C0 /* FetchLocationImageDelegate.swift in Sources */ = {isa = PBXBuildFile; fileRef = 93729ACC1F35D7BF004125C0 /* FetchLocationImageDelegate.swift */; };
		93729ACF1F3631C2004125C0 /* MainTabBarController.swift in Sources */ = {isa = PBXBuildFile; fileRef = 93729ACE1F3631C2004125C0 /* MainTabBarController.swift */; };
		9380CA8C1F2B341500629C0A /* FetchNearbyLocationsManager.swift in Sources */ = {isa = PBXBuildFile; fileRef = 9380CA8B1F2B341500629C0A /* FetchNearbyLocationsManager.swift */; };
		9380CA8E1F2B63BC00629C0A /* LocationStruct.swift in Sources */ = {isa = PBXBuildFile; fileRef = 9380CA8D1F2B63BC00629C0A /* LocationStruct.swift */; };
		9380CA901F2DD05B00629C0A /* FetchPlaceIdDetailManager.swift in Sources */ = {isa = PBXBuildFile; fileRef = 9380CA8F1F2DD05B00629C0A /* FetchPlaceIdDetailManager.swift */; };
		9383D4961F38536E00DAAD56 /* AddListCollectionViewCell.swift in Sources */ = {isa = PBXBuildFile; fileRef = 9383D4951F38536E00DAAD56 /* AddListCollectionViewCell.swift */; };
		9383D4981F3897E200DAAD56 /* GMSDelegate.swift in Sources */ = {isa = PBXBuildFile; fileRef = 9383D4971F3897E200DAAD56 /* GMSDelegate.swift */; };
		9383D4BC1F3AD74900DAAD56 /* ColorsandFonts.swift in Sources */ = {isa = PBXBuildFile; fileRef = 9383D4BB1F3AD74900DAAD56 /* ColorsandFonts.swift */; };
		9383D4BF1F3AFA8D00DAAD56 /* MatchHistoryTableViewController.swift in Sources */ = {isa = PBXBuildFile; fileRef = 9383D4BE1F3AFA8D00DAAD56 /* MatchHistoryTableViewController.swift */; };
		9383D4C11F3AFB3400DAAD56 /* PrepareToMatchViewController.swift in Sources */ = {isa = PBXBuildFile; fileRef = 9383D4C01F3AFB3400DAAD56 /* PrepareToMatchViewController.swift */; };
		9383D4C51F3C0D1700DAAD56 /* LoadingMatchViewController.swift in Sources */ = {isa = PBXBuildFile; fileRef = 9383D4C41F3C0D1700DAAD56 /* LoadingMatchViewController.swift */; };
		93A10BEC1F31BF7100F69A82 /* RandomGameViewController.swift in Sources */ = {isa = PBXBuildFile; fileRef = 93A10BEB1F31BF7100F69A82 /* RandomGameViewController.swift */; };
		93A10BEE1F31C01F00F69A82 /* CircleFunction.swift in Sources */ = {isa = PBXBuildFile; fileRef = 93A10BED1F31C01F00F69A82 /* CircleFunction.swift */; };
		93FB57F91F3C36200017E460 /* MatchRoomStruct.swift in Sources */ = {isa = PBXBuildFile; fileRef = 93FB57F81F3C36200017E460 /* MatchRoomStruct.swift */; };
		93FB57FB1F3C4E470017E460 /* OwnerMatchSuccessManager.swift in Sources */ = {isa = PBXBuildFile; fileRef = 93FB57FA1F3C4E470017E460 /* OwnerMatchSuccessManager.swift */; };
		93FB57FD1F3C80460017E460 /* CheckIfRoomExistManager.swift in Sources */ = {isa = PBXBuildFile; fileRef = 93FB57FC1F3C80460017E460 /* CheckIfRoomExistManager.swift */; };
		93FB58001F3D81310017E460 /* FetchMatchRoomData.swift in Sources */ = {isa = PBXBuildFile; fileRef = 93FB57FF1F3D81310017E460 /* FetchMatchRoomData.swift */; };
		93FB58021F3DEC660017E460 /* MatchSuccessViewController.swift in Sources */ = {isa = PBXBuildFile; fileRef = 93FB58011F3DEC660017E460 /* MatchSuccessViewController.swift */; };
		93FB58071F3E0B900017E460 /* CalculateMidpointBetweenTwoLocation.swift in Sources */ = {isa = PBXBuildFile; fileRef = 93FB58061F3E0B900017E460 /* CalculateMidpointBetweenTwoLocation.swift */; };
		93FB58091F3E0FBF0017E460 /* FetchMatchSuccessRoomDataManager.swift in Sources */ = {isa = PBXBuildFile; fileRef = 93FB58081F3E0FBF0017E460 /* FetchMatchSuccessRoomDataManager.swift */; };
		93FB580B1F3E17E80017E460 /* MatchSuccessRoomStruct.swift in Sources */ = {isa = PBXBuildFile; fileRef = 93FB580A1F3E17E80017E460 /* MatchSuccessRoomStruct.swift */; };
/* End PBXBuildFile section */

/* Begin PBXFileReference section */
		2368AA98FF231B9792B4005E /* Pods-Eatvago.debug.xcconfig */ = {isa = PBXFileReference; includeInIndex = 1; lastKnownFileType = text.xcconfig; name = "Pods-Eatvago.debug.xcconfig"; path = "Pods/Target Support Files/Pods-Eatvago/Pods-Eatvago.debug.xcconfig"; sourceTree = "<group>"; };
		9300866C1F28ED5000BEA223 /* NearbyViewController.swift */ = {isa = PBXFileReference; fileEncoding = 4; lastKnownFileType = sourcecode.swift; path = NearbyViewController.swift; sourceTree = "<group>"; };
		930086741F29E9FE00BEA223 /* GoogleService-Info.plist */ = {isa = PBXFileReference; fileEncoding = 4; lastKnownFileType = text.plist.xml; path = "GoogleService-Info.plist"; sourceTree = "<group>"; };
		930086771F2A08C700BEA223 /* CLLocationDelegate.swift */ = {isa = PBXFileReference; fileEncoding = 4; lastKnownFileType = sourcecode.swift; path = CLLocationDelegate.swift; sourceTree = "<group>"; };
		9300867B1F2A110800BEA223 /* NearbyMapTableViewCell.swift */ = {isa = PBXFileReference; fileEncoding = 4; lastKnownFileType = sourcecode.swift; path = NearbyMapTableViewCell.swift; sourceTree = "<group>"; };
		930119D71F3EA93E002822B1 /* MatchCLLocationDelegate.swift */ = {isa = PBXFileReference; fileEncoding = 4; lastKnownFileType = sourcecode.swift; path = MatchCLLocationDelegate.swift; sourceTree = "<group>"; };
		930119D91F3EAA1B002822B1 /* MatchFetchDistanceDelegate.swift */ = {isa = PBXFileReference; fileEncoding = 4; lastKnownFileType = sourcecode.swift; path = MatchFetchDistanceDelegate.swift; sourceTree = "<group>"; };
		930119DB1F3EAA76002822B1 /* MatchFetchLocationDelegate.swift */ = {isa = PBXFileReference; fileEncoding = 4; lastKnownFileType = sourcecode.swift; path = MatchFetchLocationDelegate.swift; sourceTree = "<group>"; };
		930119DD1F3EAAAE002822B1 /* MatchFetchLocationImageDelegate.swift */ = {isa = PBXFileReference; fileEncoding = 4; lastKnownFileType = sourcecode.swift; path = MatchFetchLocationImageDelegate.swift; sourceTree = "<group>"; };
		930119DF1F3EAAE3002822B1 /* MatchFetchPlaceDetailDelegate.swift */ = {isa = PBXFileReference; fileEncoding = 4; lastKnownFileType = sourcecode.swift; path = MatchFetchPlaceDetailDelegate.swift; sourceTree = "<group>"; };
		9301442F1F27986700CEC11A /* Eatvago.app */ = {isa = PBXFileReference; explicitFileType = wrapper.application; includeInIndex = 0; path = Eatvago.app; sourceTree = BUILT_PRODUCTS_DIR; };
		930144321F27986700CEC11A /* AppDelegate.swift */ = {isa = PBXFileReference; lastKnownFileType = sourcecode.swift; path = AppDelegate.swift; sourceTree = "<group>"; };
		930144371F27986700CEC11A /* Base */ = {isa = PBXFileReference; lastKnownFileType = file.storyboard; name = Base; path = Base.lproj/Main.storyboard; sourceTree = "<group>"; };
		930144391F27986700CEC11A /* Assets.xcassets */ = {isa = PBXFileReference; lastKnownFileType = folder.assetcatalog; path = Assets.xcassets; sourceTree = "<group>"; };
		9301443C1F27986700CEC11A /* Base */ = {isa = PBXFileReference; lastKnownFileType = file.storyboard; name = Base; path = Base.lproj/LaunchScreen.storyboard; sourceTree = "<group>"; };
		9301443E1F27986700CEC11A /* Info.plist */ = {isa = PBXFileReference; lastKnownFileType = text.plist.xml; path = Info.plist; sourceTree = "<group>"; };
		930144451F279DA100CEC11A /* LoginViewController.swift */ = {isa = PBXFileReference; fileEncoding = 4; lastKnownFileType = sourcecode.swift; path = LoginViewController.swift; sourceTree = "<group>"; };
		930144511F28A48700CEC11A /* LoadingViewController.swift */ = {isa = PBXFileReference; fileEncoding = 4; lastKnownFileType = sourcecode.swift; path = LoadingViewController.swift; sourceTree = "<group>"; };
		9308F2971F2F215800819B03 /* UIImage+Gif.swift */ = {isa = PBXFileReference; fileEncoding = 4; lastKnownFileType = sourcecode.swift; path = "UIImage+Gif.swift"; sourceTree = "<group>"; };
		9308F29A1F2F21B000819B03 /* loadingGIF.gif */ = {isa = PBXFileReference; lastKnownFileType = image.gif; path = loadingGIF.gif; sourceTree = "<group>"; };
		9329D9D11F306A6800415697 /* FetchDistanceManager.swift */ = {isa = PBXFileReference; fileEncoding = 4; lastKnownFileType = sourcecode.swift; path = FetchDistanceManager.swift; sourceTree = "<group>"; };
		93729AC41F35CC13004125C0 /* FetchLocationsDelegate.swift */ = {isa = PBXFileReference; fileEncoding = 4; lastKnownFileType = sourcecode.swift; path = FetchLocationsDelegate.swift; sourceTree = "<group>"; };
		93729AC61F35CDF0004125C0 /* FetchPlaceDetailDelegate.swift */ = {isa = PBXFileReference; fileEncoding = 4; lastKnownFileType = sourcecode.swift; path = FetchPlaceDetailDelegate.swift; sourceTree = "<group>"; };
		93729AC81F35CF51004125C0 /* FetchDistanceDelegate.swift */ = {isa = PBXFileReference; fileEncoding = 4; lastKnownFileType = sourcecode.swift; path = FetchDistanceDelegate.swift; sourceTree = "<group>"; };
		93729ACA1F35D0E4004125C0 /* FetchLocationImageManager.swift */ = {isa = PBXFileReference; fileEncoding = 4; lastKnownFileType = sourcecode.swift; path = FetchLocationImageManager.swift; sourceTree = "<group>"; };
		93729ACC1F35D7BF004125C0 /* FetchLocationImageDelegate.swift */ = {isa = PBXFileReference; fileEncoding = 4; lastKnownFileType = sourcecode.swift; path = FetchLocationImageDelegate.swift; sourceTree = "<group>"; };
		93729ACE1F3631C2004125C0 /* MainTabBarController.swift */ = {isa = PBXFileReference; fileEncoding = 4; lastKnownFileType = sourcecode.swift; path = MainTabBarController.swift; sourceTree = "<group>"; };
		9380CA8B1F2B341500629C0A /* FetchNearbyLocationsManager.swift */ = {isa = PBXFileReference; fileEncoding = 4; lastKnownFileType = sourcecode.swift; path = FetchNearbyLocationsManager.swift; sourceTree = "<group>"; };
		9380CA8D1F2B63BC00629C0A /* LocationStruct.swift */ = {isa = PBXFileReference; fileEncoding = 4; lastKnownFileType = sourcecode.swift; path = LocationStruct.swift; sourceTree = "<group>"; };
		9380CA8F1F2DD05B00629C0A /* FetchPlaceIdDetailManager.swift */ = {isa = PBXFileReference; fileEncoding = 4; lastKnownFileType = sourcecode.swift; path = FetchPlaceIdDetailManager.swift; sourceTree = "<group>"; };
		9383D4951F38536E00DAAD56 /* AddListCollectionViewCell.swift */ = {isa = PBXFileReference; fileEncoding = 4; lastKnownFileType = sourcecode.swift; path = AddListCollectionViewCell.swift; sourceTree = "<group>"; };
		9383D4971F3897E200DAAD56 /* GMSDelegate.swift */ = {isa = PBXFileReference; fileEncoding = 4; lastKnownFileType = sourcecode.swift; path = GMSDelegate.swift; sourceTree = "<group>"; };
		9383D4BB1F3AD74900DAAD56 /* ColorsandFonts.swift */ = {isa = PBXFileReference; fileEncoding = 4; lastKnownFileType = sourcecode.swift; path = ColorsandFonts.swift; sourceTree = "<group>"; };
		9383D4BE1F3AFA8D00DAAD56 /* MatchHistoryTableViewController.swift */ = {isa = PBXFileReference; fileEncoding = 4; lastKnownFileType = sourcecode.swift; path = MatchHistoryTableViewController.swift; sourceTree = "<group>"; };
		9383D4C01F3AFB3400DAAD56 /* PrepareToMatchViewController.swift */ = {isa = PBXFileReference; fileEncoding = 4; lastKnownFileType = sourcecode.swift; path = PrepareToMatchViewController.swift; sourceTree = "<group>"; };
		9383D4C41F3C0D1700DAAD56 /* LoadingMatchViewController.swift */ = {isa = PBXFileReference; fileEncoding = 4; lastKnownFileType = sourcecode.swift; path = LoadingMatchViewController.swift; sourceTree = "<group>"; };
		93A10BEB1F31BF7100F69A82 /* RandomGameViewController.swift */ = {isa = PBXFileReference; fileEncoding = 4; lastKnownFileType = sourcecode.swift; path = RandomGameViewController.swift; sourceTree = "<group>"; };
		93A10BED1F31C01F00F69A82 /* CircleFunction.swift */ = {isa = PBXFileReference; fileEncoding = 4; lastKnownFileType = sourcecode.swift; path = CircleFunction.swift; sourceTree = "<group>"; };
		93FB57F81F3C36200017E460 /* MatchRoomStruct.swift */ = {isa = PBXFileReference; fileEncoding = 4; lastKnownFileType = sourcecode.swift; path = MatchRoomStruct.swift; sourceTree = "<group>"; };
		93FB57FA1F3C4E470017E460 /* OwnerMatchSuccessManager.swift */ = {isa = PBXFileReference; fileEncoding = 4; lastKnownFileType = sourcecode.swift; path = OwnerMatchSuccessManager.swift; sourceTree = "<group>"; };
		93FB57FC1F3C80460017E460 /* CheckIfRoomExistManager.swift */ = {isa = PBXFileReference; fileEncoding = 4; lastKnownFileType = sourcecode.swift; path = CheckIfRoomExistManager.swift; sourceTree = "<group>"; };
		93FB57FF1F3D81310017E460 /* FetchMatchRoomData.swift */ = {isa = PBXFileReference; fileEncoding = 4; lastKnownFileType = sourcecode.swift; path = FetchMatchRoomData.swift; sourceTree = "<group>"; };
		93FB58011F3DEC660017E460 /* MatchSuccessViewController.swift */ = {isa = PBXFileReference; fileEncoding = 4; lastKnownFileType = sourcecode.swift; path = MatchSuccessViewController.swift; sourceTree = "<group>"; };
		93FB58061F3E0B900017E460 /* CalculateMidpointBetweenTwoLocation.swift */ = {isa = PBXFileReference; fileEncoding = 4; lastKnownFileType = sourcecode.swift; path = CalculateMidpointBetweenTwoLocation.swift; sourceTree = "<group>"; };
		93FB58081F3E0FBF0017E460 /* FetchMatchSuccessRoomDataManager.swift */ = {isa = PBXFileReference; fileEncoding = 4; lastKnownFileType = sourcecode.swift; path = FetchMatchSuccessRoomDataManager.swift; sourceTree = "<group>"; };
		93FB580A1F3E17E80017E460 /* MatchSuccessRoomStruct.swift */ = {isa = PBXFileReference; fileEncoding = 4; lastKnownFileType = sourcecode.swift; path = MatchSuccessRoomStruct.swift; sourceTree = "<group>"; };
		D8F4C64F1240A3B4463EE2BF /* Pods-Eatvago.release.xcconfig */ = {isa = PBXFileReference; includeInIndex = 1; lastKnownFileType = text.xcconfig; name = "Pods-Eatvago.release.xcconfig"; path = "Pods/Target Support Files/Pods-Eatvago/Pods-Eatvago.release.xcconfig"; sourceTree = "<group>"; };
		E1F0ECA0E01F8B951040C583 /* Pods_Eatvago.framework */ = {isa = PBXFileReference; explicitFileType = wrapper.framework; includeInIndex = 0; path = Pods_Eatvago.framework; sourceTree = BUILT_PRODUCTS_DIR; };
/* End PBXFileReference section */

/* Begin PBXFrameworksBuildPhase section */
		9301442C1F27986700CEC11A /* Frameworks */ = {
			isa = PBXFrameworksBuildPhase;
			buildActionMask = 2147483647;
			files = (
				3D618EF2A4B9A4883A992048 /* Pods_Eatvago.framework in Frameworks */,
			);
			runOnlyForDeploymentPostprocessing = 0;
		};
/* End PBXFrameworksBuildPhase section */

/* Begin PBXGroup section */
		3A2D455DA5B8BA710C53A4D7 /* Frameworks */ = {
			isa = PBXGroup;
			children = (
				E1F0ECA0E01F8B951040C583 /* Pods_Eatvago.framework */,
			);
			name = Frameworks;
			sourceTree = "<group>";
		};
		518164DCA84CEF080611C070 /* Pods */ = {
			isa = PBXGroup;
			children = (
				2368AA98FF231B9792B4005E /* Pods-Eatvago.debug.xcconfig */,
				D8F4C64F1240A3B4463EE2BF /* Pods-Eatvago.release.xcconfig */,
			);
			name = Pods;
			sourceTree = "<group>";
		};
		930086761F2A089C00BEA223 /* NearBy */ = {
			isa = PBXGroup;
			children = (
				9300866C1F28ED5000BEA223 /* NearbyViewController.swift */,
				9300867B1F2A110800BEA223 /* NearbyMapTableViewCell.swift */,
				9380CA8D1F2B63BC00629C0A /* LocationStruct.swift */,
				93729AC31F35CBAE004125C0 /* DelegateFunction */,
				9380CA911F2DE46200629C0A /* FetchManagers */,
			);
			name = NearBy;
			sourceTree = "<group>";
		};
		930119D61F3EA920002822B1 /* DelegateFunction */ = {
			isa = PBXGroup;
			children = (
				930119D71F3EA93E002822B1 /* MatchCLLocationDelegate.swift */,
				930119D91F3EAA1B002822B1 /* MatchFetchDistanceDelegate.swift */,
				930119DB1F3EAA76002822B1 /* MatchFetchLocationDelegate.swift */,
				930119DD1F3EAAAE002822B1 /* MatchFetchLocationImageDelegate.swift */,
				930119DF1F3EAAE3002822B1 /* MatchFetchPlaceDetailDelegate.swift */,
			);
			name = DelegateFunction;
			sourceTree = "<group>";
		};
		930144261F27986700CEC11A = {
			isa = PBXGroup;
			children = (
				930144311F27986700CEC11A /* Eatvago */,
				930144301F27986700CEC11A /* Products */,
				518164DCA84CEF080611C070 /* Pods */,
				3A2D455DA5B8BA710C53A4D7 /* Frameworks */,
			);
			sourceTree = "<group>";
		};
		930144301F27986700CEC11A /* Products */ = {
			isa = PBXGroup;
			children = (
				9301442F1F27986700CEC11A /* Eatvago.app */,
			);
			name = Products;
			sourceTree = "<group>";
		};
		930144311F27986700CEC11A /* Eatvago */ = {
			isa = PBXGroup;
			children = (
				930144321F27986700CEC11A /* AppDelegate.swift */,
				930144511F28A48700CEC11A /* LoadingViewController.swift */,
				930144451F279DA100CEC11A /* LoginViewController.swift */,
				930144361F27986700CEC11A /* Main.storyboard */,
				9383D4BB1F3AD74900DAAD56 /* ColorsandFonts.swift */,
				93729ACE1F3631C2004125C0 /* MainTabBarController.swift */,
				93FB58031F3DEC6C0017E460 /* MatchSuccess */,
				9383D4BD1F3AFA5000DAAD56 /* Match */,
				93A10BEA1F31BF3500F69A82 /* Random Game */,
				930086761F2A089C00BEA223 /* NearBy */,
				930144391F27986700CEC11A /* Assets.xcassets */,
				9308F2971F2F215800819B03 /* UIImage+Gif.swift */,
				9308F2991F2F217600819B03 /* Gif */,
				9301443B1F27986700CEC11A /* LaunchScreen.storyboard */,
				9301443E1F27986700CEC11A /* Info.plist */,
				930086741F29E9FE00BEA223 /* GoogleService-Info.plist */,
			);
			path = Eatvago;
			sourceTree = "<group>";
		};
		9308F2991F2F217600819B03 /* Gif */ = {
			isa = PBXGroup;
			children = (
				9308F29A1F2F21B000819B03 /* loadingGIF.gif */,
			);
			name = Gif;
			sourceTree = "<group>";
		};
		93729AC31F35CBAE004125C0 /* DelegateFunction */ = {
			isa = PBXGroup;
			children = (
				930086771F2A08C700BEA223 /* CLLocationDelegate.swift */,
				93729AC81F35CF51004125C0 /* FetchDistanceDelegate.swift */,
				93729AC61F35CDF0004125C0 /* FetchPlaceDetailDelegate.swift */,
				93729AC41F35CC13004125C0 /* FetchLocationsDelegate.swift */,
				93729ACC1F35D7BF004125C0 /* FetchLocationImageDelegate.swift */,
			);
			name = DelegateFunction;
			sourceTree = "<group>";
		};
		9380CA911F2DE46200629C0A /* FetchManagers */ = {
			isa = PBXGroup;
			children = (
				9380CA8F1F2DD05B00629C0A /* FetchPlaceIdDetailManager.swift */,
				93729ACA1F35D0E4004125C0 /* FetchLocationImageManager.swift */,
				9329D9D11F306A6800415697 /* FetchDistanceManager.swift */,
				9380CA8B1F2B341500629C0A /* FetchNearbyLocationsManager.swift */,
			);
			name = FetchManagers;
			sourceTree = "<group>";
		};
		9383D4BD1F3AFA5000DAAD56 /* Match */ = {
			isa = PBXGroup;
			children = (
				9383D4BE1F3AFA8D00DAAD56 /* MatchHistoryTableViewController.swift */,
				9383D4C01F3AFB3400DAAD56 /* PrepareToMatchViewController.swift */,
				9383D4C41F3C0D1700DAAD56 /* LoadingMatchViewController.swift */,
				93FB57F81F3C36200017E460 /* MatchRoomStruct.swift */,
				93FB57FE1F3CB6030017E460 /* Manager */,
			);
			name = Match;
			sourceTree = "<group>";
		};
		93A10BEA1F31BF3500F69A82 /* Random Game */ = {
			isa = PBXGroup;
			children = (
				93A10BEB1F31BF7100F69A82 /* RandomGameViewController.swift */,
				93A10BED1F31C01F00F69A82 /* CircleFunction.swift */,
				9383D4951F38536E00DAAD56 /* AddListCollectionViewCell.swift */,
				9383D4971F3897E200DAAD56 /* GMSDelegate.swift */,
			);
			name = "Random Game";
			sourceTree = "<group>";
		};
		93FB57FE1F3CB6030017E460 /* Manager */ = {
			isa = PBXGroup;
			children = (
				93FB57FA1F3C4E470017E460 /* OwnerMatchSuccessManager.swift */,
				93FB57FC1F3C80460017E460 /* CheckIfRoomExistManager.swift */,
				93FB57FF1F3D81310017E460 /* FetchMatchRoomData.swift */,
			);
			name = Manager;
			sourceTree = "<group>";
		};
		93FB58031F3DEC6C0017E460 /* MatchSuccess */ = {
			isa = PBXGroup;
			children = (
				93FB58011F3DEC660017E460 /* MatchSuccessViewController.swift */,
				93FB58081F3E0FBF0017E460 /* FetchMatchSuccessRoomDataManager.swift */,
				93FB58061F3E0B900017E460 /* CalculateMidpointBetweenTwoLocation.swift */,
				93FB580A1F3E17E80017E460 /* MatchSuccessRoomStruct.swift */,
				930119D61F3EA920002822B1 /* DelegateFunction */,
			);
			name = MatchSuccess;
			sourceTree = "<group>";
		};
/* End PBXGroup section */

/* Begin PBXNativeTarget section */
		9301442E1F27986700CEC11A /* Eatvago */ = {
			isa = PBXNativeTarget;
			buildConfigurationList = 930144411F27986700CEC11A /* Build configuration list for PBXNativeTarget "Eatvago" */;
			buildPhases = (
				671B119C2C1EBAD1171E9180 /* [CP] Check Pods Manifest.lock */,
				9301442B1F27986700CEC11A /* Sources */,
				9301442C1F27986700CEC11A /* Frameworks */,
				9301442D1F27986700CEC11A /* Resources */,
				0B0B674A2AE3E52748FD3D64 /* [CP] Embed Pods Frameworks */,
				9D89D39F2EE9494DCC109CDE /* [CP] Copy Pods Resources */,
				930144441F279A6200CEC11A /* Swiftlint */,
			);
			buildRules = (
			);
			dependencies = (
			);
			name = Eatvago;
			productName = Eatvago;
			productReference = 9301442F1F27986700CEC11A /* Eatvago.app */;
			productType = "com.apple.product-type.application";
		};
/* End PBXNativeTarget section */

/* Begin PBXProject section */
		930144271F27986700CEC11A /* Project object */ = {
			isa = PBXProject;
			attributes = {
				LastSwiftUpdateCheck = 0830;
				LastUpgradeCheck = 0830;
				ORGANIZATIONNAME = "Ｍason Chang iOS#4";
				TargetAttributes = {
					9301442E1F27986700CEC11A = {
						CreatedOnToolsVersion = 8.3.2;
						DevelopmentTeam = D9HX74L5M5;
						ProvisioningStyle = Automatic;
					};
				};
			};
			buildConfigurationList = 9301442A1F27986700CEC11A /* Build configuration list for PBXProject "Eatvago" */;
			compatibilityVersion = "Xcode 3.2";
			developmentRegion = English;
			hasScannedForEncodings = 0;
			knownRegions = (
				en,
				Base,
			);
			mainGroup = 930144261F27986700CEC11A;
			productRefGroup = 930144301F27986700CEC11A /* Products */;
			projectDirPath = "";
			projectRoot = "";
			targets = (
				9301442E1F27986700CEC11A /* Eatvago */,
			);
		};
/* End PBXProject section */

/* Begin PBXResourcesBuildPhase section */
		9301442D1F27986700CEC11A /* Resources */ = {
			isa = PBXResourcesBuildPhase;
			buildActionMask = 2147483647;
			files = (
				9301443D1F27986700CEC11A /* LaunchScreen.storyboard in Resources */,
				930086751F29E9FE00BEA223 /* GoogleService-Info.plist in Resources */,
				9301443A1F27986700CEC11A /* Assets.xcassets in Resources */,
				9308F29B1F2F21B000819B03 /* loadingGIF.gif in Resources */,
				930144381F27986700CEC11A /* Main.storyboard in Resources */,
			);
			runOnlyForDeploymentPostprocessing = 0;
		};
/* End PBXResourcesBuildPhase section */

/* Begin PBXShellScriptBuildPhase section */
		0B0B674A2AE3E52748FD3D64 /* [CP] Embed Pods Frameworks */ = {
			isa = PBXShellScriptBuildPhase;
			buildActionMask = 2147483647;
			files = (
			);
			inputPaths = (
			);
			name = "[CP] Embed Pods Frameworks";
			outputPaths = (
			);
			runOnlyForDeploymentPostprocessing = 0;
			shellPath = /bin/sh;
			shellScript = "\"${SRCROOT}/Pods/Target Support Files/Pods-Eatvago/Pods-Eatvago-frameworks.sh\"\n";
			showEnvVarsInLog = 0;
		};
		671B119C2C1EBAD1171E9180 /* [CP] Check Pods Manifest.lock */ = {
			isa = PBXShellScriptBuildPhase;
			buildActionMask = 2147483647;
			files = (
			);
			inputPaths = (
			);
			name = "[CP] Check Pods Manifest.lock";
			outputPaths = (
			);
			runOnlyForDeploymentPostprocessing = 0;
			shellPath = /bin/sh;
			shellScript = "diff \"${PODS_PODFILE_DIR_PATH}/Podfile.lock\" \"${PODS_ROOT}/Manifest.lock\" > /dev/null\nif [ $? != 0 ] ; then\n    # print error to STDERR\n    echo \"error: The sandbox is not in sync with the Podfile.lock. Run 'pod install' or update your CocoaPods installation.\" >&2\n    exit 1\nfi\n";
			showEnvVarsInLog = 0;
		};
		930144441F279A6200CEC11A /* Swiftlint */ = {
			isa = PBXShellScriptBuildPhase;
			buildActionMask = 2147483647;
			files = (
			);
			inputPaths = (
			);
			name = Swiftlint;
			outputPaths = (
			);
			runOnlyForDeploymentPostprocessing = 0;
			shellPath = /bin/sh;
			shellScript = "if which swiftlint >/dev/null; then\nswiftlint\nelse\necho \"warning: SwiftLint not installed, download from https://github.com/realm/SwiftLint\"\nfi";
		};
		9D89D39F2EE9494DCC109CDE /* [CP] Copy Pods Resources */ = {
			isa = PBXShellScriptBuildPhase;
			buildActionMask = 2147483647;
			files = (
			);
			inputPaths = (
			);
			name = "[CP] Copy Pods Resources";
			outputPaths = (
			);
			runOnlyForDeploymentPostprocessing = 0;
			shellPath = /bin/sh;
			shellScript = "\"${SRCROOT}/Pods/Target Support Files/Pods-Eatvago/Pods-Eatvago-resources.sh\"\n";
			showEnvVarsInLog = 0;
		};
/* End PBXShellScriptBuildPhase section */

/* Begin PBXSourcesBuildPhase section */
		9301442B1F27986700CEC11A /* Sources */ = {
			isa = PBXSourcesBuildPhase;
			buildActionMask = 2147483647;
			files = (
				93FB58071F3E0B900017E460 /* CalculateMidpointBetweenTwoLocation.swift in Sources */,
				93FB58091F3E0FBF0017E460 /* FetchMatchSuccessRoomDataManager.swift in Sources */,
				930119E01F3EAAE3002822B1 /* MatchFetchPlaceDetailDelegate.swift in Sources */,
				9383D4BC1F3AD74900DAAD56 /* ColorsandFonts.swift in Sources */,
				93729ACD1F35D7BF004125C0 /* FetchLocationImageDelegate.swift in Sources */,
				93A10BEC1F31BF7100F69A82 /* RandomGameViewController.swift in Sources */,
				9383D4961F38536E00DAAD56 /* AddListCollectionViewCell.swift in Sources */,
				9380CA8C1F2B341500629C0A /* FetchNearbyLocationsManager.swift in Sources */,
				93FB58001F3D81310017E460 /* FetchMatchRoomData.swift in Sources */,
				9380CA901F2DD05B00629C0A /* FetchPlaceIdDetailManager.swift in Sources */,
				930119DE1F3EAAAE002822B1 /* MatchFetchLocationImageDelegate.swift in Sources */,
				93729AC71F35CDF0004125C0 /* FetchPlaceDetailDelegate.swift in Sources */,
				93FB57F91F3C36200017E460 /* MatchRoomStruct.swift in Sources */,
				93A10BEE1F31C01F00F69A82 /* CircleFunction.swift in Sources */,
				930144461F279DA100CEC11A /* LoginViewController.swift in Sources */,
				93729AC91F35CF51004125C0 /* FetchDistanceDelegate.swift in Sources */,
				9300866D1F28ED5000BEA223 /* NearbyViewController.swift in Sources */,
				9383D4BF1F3AFA8D00DAAD56 /* MatchHistoryTableViewController.swift in Sources */,
				930119DA1F3EAA1B002822B1 /* MatchFetchDistanceDelegate.swift in Sources */,
				9383D4C51F3C0D1700DAAD56 /* LoadingMatchViewController.swift in Sources */,
				930144331F27986700CEC11A /* AppDelegate.swift in Sources */,
				9383D4981F3897E200DAAD56 /* GMSDelegate.swift in Sources */,
				93FB57FB1F3C4E470017E460 /* OwnerMatchSuccessManager.swift in Sources */,
				93FB58021F3DEC660017E460 /* MatchSuccessViewController.swift in Sources */,
				93729AC51F35CC13004125C0 /* FetchLocationsDelegate.swift in Sources */,
				930086781F2A08C700BEA223 /* CLLocationDelegate.swift in Sources */,
				9380CA8E1F2B63BC00629C0A /* LocationStruct.swift in Sources */,
				9329D9D21F306A6800415697 /* FetchDistanceManager.swift in Sources */,
				93729ACB1F35D0E4004125C0 /* FetchLocationImageManager.swift in Sources */,
				930119D81F3EA93E002822B1 /* MatchCLLocationDelegate.swift in Sources */,
				93FB57FD1F3C80460017E460 /* CheckIfRoomExistManager.swift in Sources */,
				93729ACF1F3631C2004125C0 /* MainTabBarController.swift in Sources */,
				930144521F28A48700CEC11A /* LoadingViewController.swift in Sources */,
				9308F2981F2F215800819B03 /* UIImage+Gif.swift in Sources */,
				930119DC1F3EAA76002822B1 /* MatchFetchLocationDelegate.swift in Sources */,
				9300867C1F2A110800BEA223 /* NearbyMapTableViewCell.swift in Sources */,
				9383D4C11F3AFB3400DAAD56 /* PrepareToMatchViewController.swift in Sources */,
				93FB580B1F3E17E80017E460 /* MatchSuccessRoomStruct.swift in Sources */,
			);
			runOnlyForDeploymentPostprocessing = 0;
		};
/* End PBXSourcesBuildPhase section */

/* Begin PBXVariantGroup section */
		930144361F27986700CEC11A /* Main.storyboard */ = {
			isa = PBXVariantGroup;
			children = (
				930144371F27986700CEC11A /* Base */,
			);
			name = Main.storyboard;
			sourceTree = "<group>";
		};
		9301443B1F27986700CEC11A /* LaunchScreen.storyboard */ = {
			isa = PBXVariantGroup;
			children = (
				9301443C1F27986700CEC11A /* Base */,
			);
			name = LaunchScreen.storyboard;
			sourceTree = "<group>";
		};
/* End PBXVariantGroup section */

/* Begin XCBuildConfiguration section */
		9301443F1F27986700CEC11A /* Debug */ = {
			isa = XCBuildConfiguration;
			buildSettings = {
				ALWAYS_SEARCH_USER_PATHS = NO;
				CLANG_ANALYZER_NONNULL = YES;
				CLANG_ANALYZER_NUMBER_OBJECT_CONVERSION = YES_AGGRESSIVE;
				CLANG_CXX_LANGUAGE_STANDARD = "gnu++0x";
				CLANG_CXX_LIBRARY = "libc++";
				CLANG_ENABLE_MODULES = YES;
				CLANG_ENABLE_OBJC_ARC = YES;
				CLANG_WARN_BOOL_CONVERSION = YES;
				CLANG_WARN_CONSTANT_CONVERSION = YES;
				CLANG_WARN_DIRECT_OBJC_ISA_USAGE = YES_ERROR;
				CLANG_WARN_DOCUMENTATION_COMMENTS = YES;
				CLANG_WARN_EMPTY_BODY = YES;
				CLANG_WARN_ENUM_CONVERSION = YES;
				CLANG_WARN_INFINITE_RECURSION = YES;
				CLANG_WARN_INT_CONVERSION = YES;
				CLANG_WARN_OBJC_ROOT_CLASS = YES_ERROR;
				CLANG_WARN_SUSPICIOUS_MOVE = YES;
				CLANG_WARN_UNREACHABLE_CODE = YES;
				CLANG_WARN__DUPLICATE_METHOD_MATCH = YES;
				"CODE_SIGN_IDENTITY[sdk=iphoneos*]" = "iPhone Developer";
				COPY_PHASE_STRIP = NO;
				DEBUG_INFORMATION_FORMAT = dwarf;
				ENABLE_STRICT_OBJC_MSGSEND = YES;
				ENABLE_TESTABILITY = YES;
				GCC_C_LANGUAGE_STANDARD = gnu99;
				GCC_DYNAMIC_NO_PIC = NO;
				GCC_NO_COMMON_BLOCKS = YES;
				GCC_OPTIMIZATION_LEVEL = 0;
				GCC_PREPROCESSOR_DEFINITIONS = (
					"DEBUG=1",
					"$(inherited)",
				);
				GCC_WARN_64_TO_32_BIT_CONVERSION = YES;
				GCC_WARN_ABOUT_RETURN_TYPE = YES_ERROR;
				GCC_WARN_UNDECLARED_SELECTOR = YES;
				GCC_WARN_UNINITIALIZED_AUTOS = YES_AGGRESSIVE;
				GCC_WARN_UNUSED_FUNCTION = YES;
				GCC_WARN_UNUSED_VARIABLE = YES;
				IPHONEOS_DEPLOYMENT_TARGET = 10.3;
				MTL_ENABLE_DEBUG_INFO = YES;
				ONLY_ACTIVE_ARCH = YES;
				SDKROOT = iphoneos;
				SWIFT_ACTIVE_COMPILATION_CONDITIONS = DEBUG;
				SWIFT_OPTIMIZATION_LEVEL = "-Onone";
			};
			name = Debug;
		};
		930144401F27986700CEC11A /* Release */ = {
			isa = XCBuildConfiguration;
			buildSettings = {
				ALWAYS_SEARCH_USER_PATHS = NO;
				CLANG_ANALYZER_NONNULL = YES;
				CLANG_ANALYZER_NUMBER_OBJECT_CONVERSION = YES_AGGRESSIVE;
				CLANG_CXX_LANGUAGE_STANDARD = "gnu++0x";
				CLANG_CXX_LIBRARY = "libc++";
				CLANG_ENABLE_MODULES = YES;
				CLANG_ENABLE_OBJC_ARC = YES;
				CLANG_WARN_BOOL_CONVERSION = YES;
				CLANG_WARN_CONSTANT_CONVERSION = YES;
				CLANG_WARN_DIRECT_OBJC_ISA_USAGE = YES_ERROR;
				CLANG_WARN_DOCUMENTATION_COMMENTS = YES;
				CLANG_WARN_EMPTY_BODY = YES;
				CLANG_WARN_ENUM_CONVERSION = YES;
				CLANG_WARN_INFINITE_RECURSION = YES;
				CLANG_WARN_INT_CONVERSION = YES;
				CLANG_WARN_OBJC_ROOT_CLASS = YES_ERROR;
				CLANG_WARN_SUSPICIOUS_MOVE = YES;
				CLANG_WARN_UNREACHABLE_CODE = YES;
				CLANG_WARN__DUPLICATE_METHOD_MATCH = YES;
				"CODE_SIGN_IDENTITY[sdk=iphoneos*]" = "iPhone Developer";
				COPY_PHASE_STRIP = NO;
				DEBUG_INFORMATION_FORMAT = "dwarf-with-dsym";
				ENABLE_NS_ASSERTIONS = NO;
				ENABLE_STRICT_OBJC_MSGSEND = YES;
				GCC_C_LANGUAGE_STANDARD = gnu99;
				GCC_NO_COMMON_BLOCKS = YES;
				GCC_WARN_64_TO_32_BIT_CONVERSION = YES;
				GCC_WARN_ABOUT_RETURN_TYPE = YES_ERROR;
				GCC_WARN_UNDECLARED_SELECTOR = YES;
				GCC_WARN_UNINITIALIZED_AUTOS = YES_AGGRESSIVE;
				GCC_WARN_UNUSED_FUNCTION = YES;
				GCC_WARN_UNUSED_VARIABLE = YES;
				IPHONEOS_DEPLOYMENT_TARGET = 10.3;
				MTL_ENABLE_DEBUG_INFO = NO;
				SDKROOT = iphoneos;
				SWIFT_OPTIMIZATION_LEVEL = "-Owholemodule";
				VALIDATE_PRODUCT = YES;
			};
			name = Release;
		};
		930144421F27986700CEC11A /* Debug */ = {
			isa = XCBuildConfiguration;
			baseConfigurationReference = 2368AA98FF231B9792B4005E /* Pods-Eatvago.debug.xcconfig */;
			buildSettings = {
				ASSETCATALOG_COMPILER_APPICON_NAME = AppIcon;
				DEVELOPMENT_TEAM = D9HX74L5M5;
				INFOPLIST_FILE = Eatvago/Info.plist;
				LD_RUNPATH_SEARCH_PATHS = "$(inherited) @executable_path/Frameworks";
				PRODUCT_BUNDLE_IDENTIFIER = com.masonchang.Eatvago;
				PRODUCT_NAME = "$(TARGET_NAME)";
				SWIFT_VERSION = 3.0;
			};
			name = Debug;
		};
		930144431F27986700CEC11A /* Release */ = {
			isa = XCBuildConfiguration;
			baseConfigurationReference = D8F4C64F1240A3B4463EE2BF /* Pods-Eatvago.release.xcconfig */;
			buildSettings = {
				ASSETCATALOG_COMPILER_APPICON_NAME = AppIcon;
				DEVELOPMENT_TEAM = D9HX74L5M5;
				INFOPLIST_FILE = Eatvago/Info.plist;
				LD_RUNPATH_SEARCH_PATHS = "$(inherited) @executable_path/Frameworks";
				PRODUCT_BUNDLE_IDENTIFIER = com.masonchang.Eatvago;
				PRODUCT_NAME = "$(TARGET_NAME)";
				SWIFT_VERSION = 3.0;
			};
			name = Release;
		};
/* End XCBuildConfiguration section */

/* Begin XCConfigurationList section */
		9301442A1F27986700CEC11A /* Build configuration list for PBXProject "Eatvago" */ = {
			isa = XCConfigurationList;
			buildConfigurations = (
				9301443F1F27986700CEC11A /* Debug */,
				930144401F27986700CEC11A /* Release */,
			);
			defaultConfigurationIsVisible = 0;
			defaultConfigurationName = Release;
		};
		930144411F27986700CEC11A /* Build configuration list for PBXNativeTarget "Eatvago" */ = {
			isa = XCConfigurationList;
			buildConfigurations = (
				930144421F27986700CEC11A /* Debug */,
				930144431F27986700CEC11A /* Release */,
			);
			defaultConfigurationIsVisible = 0;
			defaultConfigurationName = Release;
		};
/* End XCConfigurationList section */
	};
	rootObject = 930144271F27986700CEC11A /* Project object */;
}
